
Microsoft Visual Studio Solution File, Format Version 12.00
# Visual Studio Version 16
VisualStudioVersion = 16.0.30320.27
MinimumVisualStudioVersion = 10.0.40219.1
Project("{FAE04EC0-301F-11D3-BF4B-00C04F79EFBC}") = "ZipCutTransformFiles", "ZipCutTransformFiles.csproj", "{A42E1F16-B9C0-4BD1-937A-0E085D2D2887}"
EndProject
Global
	GlobalSection(SolutionConfigurationPlatforms) = preSolution
		Debug|Any CPU = Debug|Any CPU
		Debug|x86 = Debug|x86
		Release|Any CPU = Release|Any CPU
		Release|x86 = Release|x86
	EndGlobalSection
	GlobalSection(ProjectConfigurationPlatforms) = postSolution
		{A42E1F16-B9C0-4BD1-937A-0E085D2D2887}.Debug|Any CPU.ActiveCfg = Debug|Any CPU
		{A42E1F16-B9C0-4BD1-937A-0E085D2D2887}.Debug|Any CPU.Build.0 = Debug|Any CPU
		{A42E1F16-B9C0-4BD1-937A-0E085D2D2887}.Debug|x86.ActiveCfg = Debug|x86
		{A42E1F16-B9C0-4BD1-937A-0E085D2D2887}.Debug|x86.Build.0 = Debug|x86
		{A42E1F16-B9C0-4BD1-937A-0E085D2D2887}.Release|Any CPU.ActiveCfg = Release|Any CPU
		{A42E1F16-B9C0-4BD1-937A-0E085D2D2887}.Release|Any CPU.Build.0 = Release|Any CPU
		{A42E1F16-B9C0-4BD1-937A-0E085D2D2887}.Release|x86.ActiveCfg = Release|x86
		{A42E1F16-B9C0-4BD1-937A-0E085D2D2887}.Release|x86.Build.0 = Release|x86
	EndGlobalSection
	GlobalSection(SolutionProperties) = preSolution
		HideSolutionNode = FALSE
	EndGlobalSection
	GlobalSection(ExtensibilityGlobals) = postSolution
		SolutionGuid = {544E6869-A535-4A63-858F-68784B938E8A}
	EndGlobalSection
EndGlobal
